
Microsoft Visual Studio Solution File, Format Version 12.00
Project("{FAE04EC0-301F-11D3-BF4B-00C04F79EFBC}") = "Agenda", "Agenda\Agenda.csproj", "{DB3375D4-F097-4FBF-8623-35F7CE464A46}"
EndProject
Global
	GlobalSection(SolutionConfigurationPlatforms) = preSolution
		Debug|Any CPU = Debug|Any CPU
		Release|Any CPU = Release|Any CPU
	EndGlobalSection
	GlobalSection(ProjectConfigurationPlatforms) = postSolution
		{DB3375D4-F097-4FBF-8623-35F7CE464A46}.Debug|Any CPU.ActiveCfg = Debug|Any CPU
		{DB3375D4-F097-4FBF-8623-35F7CE464A46}.Debug|Any CPU.Build.0 = Debug|Any CPU
		{DB3375D4-F097-4FBF-8623-35F7CE464A46}.Release|Any CPU.ActiveCfg = Release|Any CPU
		{DB3375D4-F097-4FBF-8623-35F7CE464A46}.Release|Any CPU.Build.0 = Release|Any CPU
	EndGlobalSection
EndGlobal
